
Microsoft Visual Studio Solution File, Format Version 12.00
# Visual Studio Version 17
VisualStudioVersion = 17.5.33424.131
MinimumVisualStudioVersion = 10.0.40219.1
Project("{FAE04EC0-301F-11D3-BF4B-00C04F79EFBC}") = "DapperDemo", "DapperDemo\DapperDemo.csproj", "{9A9A049A-B358-4656-A658-F1CC17F1DD88}"
EndProject
Global
	GlobalSection(SolutionConfigurationPlatforms) = preSolution
		Debug|Any CPU = Debug|Any CPU
		Release|Any CPU = Release|Any CPU
	EndGlobalSection
	GlobalSection(ProjectConfigurationPlatforms) = postSolution
		{9A9A049A-B358-4656-A658-F1CC17F1DD88}.Debug|Any CPU.ActiveCfg = Debug|Any CPU
		{9A9A049A-B358-4656-A658-F1CC17F1DD88}.Debug|Any CPU.Build.0 = Debug|Any CPU
		{9A9A049A-B358-4656-A658-F1CC17F1DD88}.Release|Any CPU.ActiveCfg = Release|Any CPU
		{9A9A049A-B358-4656-A658-F1CC17F1DD88}.Release|Any CPU.Build.0 = Release|Any CPU
	EndGlobalSection
	GlobalSection(SolutionProperties) = preSolution
		HideSolutionNode = FALSE
	EndGlobalSection
	GlobalSection(ExtensibilityGlobals) = postSolution
		SolutionGuid = {E1C794CA-2302-4B19-9E6C-B62F941CDF84}
	EndGlobalSection
EndGlobal
