
Microsoft Visual Studio Solution File, Format Version 12.00
# Visual Studio Version 17
VisualStudioVersion = 17.8.34330.188
MinimumVisualStudioVersion = 10.0.40219.1
Project("{FAE04EC0-301F-11D3-BF4B-00C04F79EFBC}") = "OutboxPattern", "OutboxPattern.csproj", "{8D3B5F12-4E66-4C8D-A01B-2F3C4D5E6F7A}"
EndProject
Global
	GlobalSection(SolutionConfigurationPlatforms) = preSolution
		Debug|Any CPU = Debug|Any CPU
		Release|Any CPU = Release|Any CPU
	EndGlobalSection
	GlobalSection(ProjectConfigurationPlatforms) = postSolution
		{8D3B5F12-4E66-4C8D-A01B-2F3C4D5E6F7A}.Debug|Any CPU.ActiveCfg = Debug|Any CPU
		{8D3B5F12-4E66-4C8D-A01B-2F3C4D5E6F7A}.Debug|Any CPU.Build.0 = Debug|Any CPU
		{8D3B5F12-4E66-4C8D-A01B-2F3C4D5E6F7A}.Release|Any CPU.ActiveCfg = Release|Any CPU
		{8D3B5F12-4E66-4C8D-A01B-2F3C4D5E6F7A}.Release|Any CPU.Build.0 = Release|Any CPU
	EndGlobalSection
	GlobalSection(SolutionProperties) = preSolution
		HideSolutionNode = FALSE
	EndGlobalSection
	GlobalSection(ExtensibilityGlobals) = postSolution
		SolutionGuid = {1A2B3C4D-5E6F-7A8B-9C0D-1E2F3A4B5C6D}
	EndGlobalSection
EndGlobal
