
Microsoft Visual Studio Solution File, Format Version 12.00
# Visual Studio Version 17
VisualStudioVersion = 17.8.34330.188
MinimumVisualStudioVersion = 10.0.40219.1
Project("{FAE04EC0-301F-11D3-BF4B-00C04F79EFBC}") = "EfCoreInterceptors", "EfCoreInterceptors.csproj", "{7C2A4E91-3D55-4B7C-9F0A-1E2B3C4D5E6F}"
EndProject
Global
	GlobalSection(SolutionConfigurationPlatforms) = preSolution
		Debug|Any CPU = Debug|Any CPU
		Release|Any CPU = Release|Any CPU
	EndGlobalSection
	GlobalSection(ProjectConfigurationPlatforms) = postSolution
		{7C2A4E91-3D55-4B7C-9F0A-1E2B3C4D5E6F}.Debug|Any CPU.ActiveCfg = Debug|Any CPU
		{7C2A4E91-3D55-4B7C-9F0A-1E2B3C4D5E6F}.Debug|Any CPU.Build.0 = Debug|Any CPU
		{7C2A4E91-3D55-4B7C-9F0A-1E2B3C4D5E6F}.Release|Any CPU.ActiveCfg = Release|Any CPU
		{7C2A4E91-3D55-4B7C-9F0A-1E2B3C4D5E6F}.Release|Any CPU.Build.0 = Release|Any CPU
	EndGlobalSection
	GlobalSection(SolutionProperties) = preSolution
		HideSolutionNode = FALSE
	EndGlobalSection
	GlobalSection(ExtensibilityGlobals) = postSolution
		SolutionGuid = {9B8A7C6D-5E4F-3A2B-1C0D-9E8F7A6B5C4D}
	EndGlobalSection
EndGlobal
