
Microsoft Visual Studio Solution File, Format Version 12.00
# Visual Studio Version 17
VisualStudioVersion = 17.7.34031.279
MinimumVisualStudioVersion = 10.0.40219.1
Project("{FAE04EC0-301F-11D3-BF4B-00C04F79EFBC}") = "SecurityHeadersDemoAPI", "SecurityHeadersDemoAPI\SecurityHeadersDemoAPI.csproj", "{C39EA6DC-3A74-4A88-BEC9-A9F6A237EBDF}"
EndProject
Global
	GlobalSection(SolutionConfigurationPlatforms) = preSolution
		Debug|Any CPU = Debug|Any CPU
		Release|Any CPU = Release|Any CPU
	EndGlobalSection
	GlobalSection(ProjectConfigurationPlatforms) = postSolution
		{C39EA6DC-3A74-4A88-BEC9-A9F6A237EBDF}.Debug|Any CPU.ActiveCfg = Debug|Any CPU
		{C39EA6DC-3A74-4A88-BEC9-A9F6A237EBDF}.Debug|Any CPU.Build.0 = Debug|Any CPU
		{C39EA6DC-3A74-4A88-BEC9-A9F6A237EBDF}.Release|Any CPU.ActiveCfg = Release|Any CPU
		{C39EA6DC-3A74-4A88-BEC9-A9F6A237EBDF}.Release|Any CPU.Build.0 = Release|Any CPU
	EndGlobalSection
	GlobalSection(SolutionProperties) = preSolution
		HideSolutionNode = FALSE
	EndGlobalSection
	GlobalSection(ExtensibilityGlobals) = postSolution
		SolutionGuid = {2EAB8DA2-5E66-4681-A075-B4DCD710ECE7}
	EndGlobalSection
EndGlobal
