
Microsoft Visual Studio Solution File, Format Version 12.00
# Visual Studio Version 17
VisualStudioVersion = 17.5.33424.131
MinimumVisualStudioVersion = 10.0.40219.1
Project("{FAE04EC0-301F-11D3-BF4B-00C04F79EFBC}") = "FluentValidationDemo", "FluentValidationDemo\FluentValidationDemo.csproj", "{2582E1F4-B496-4D1C-A076-EB96590C2E23}"
EndProject
Global
	GlobalSection(SolutionConfigurationPlatforms) = preSolution
		Debug|Any CPU = Debug|Any CPU
		Release|Any CPU = Release|Any CPU
	EndGlobalSection
	GlobalSection(ProjectConfigurationPlatforms) = postSolution
		{2582E1F4-B496-4D1C-A076-EB96590C2E23}.Debug|Any CPU.ActiveCfg = Debug|Any CPU
		{2582E1F4-B496-4D1C-A076-EB96590C2E23}.Debug|Any CPU.Build.0 = Debug|Any CPU
		{2582E1F4-B496-4D1C-A076-EB96590C2E23}.Release|Any CPU.ActiveCfg = Release|Any CPU
		{2582E1F4-B496-4D1C-A076-EB96590C2E23}.Release|Any CPU.Build.0 = Release|Any CPU
	EndGlobalSection
	GlobalSection(SolutionProperties) = preSolution
		HideSolutionNode = FALSE
	EndGlobalSection
	GlobalSection(ExtensibilityGlobals) = postSolution
		SolutionGuid = {0E95F30C-A09D-4F7D-94CA-DC445D00E47F}
	EndGlobalSection
EndGlobal
