
Microsoft Visual Studio Solution File, Format Version 12.00
# Visual Studio Version 17
VisualStudioVersion = 17.7.34031.279
MinimumVisualStudioVersion = 10.0.40219.1
Project("{FAE04EC0-301F-11D3-BF4B-00C04F79EFBC}") = "NugetPackageDemo", "NugetPackageDemo\NugetPackageDemo.csproj", "{631A6789-717E-4691-9EE6-BAFAE6DA1118}"
EndProject
Global
	GlobalSection(SolutionConfigurationPlatforms) = preSolution
		Debug|Any CPU = Debug|Any CPU
		Release|Any CPU = Release|Any CPU
	EndGlobalSection
	GlobalSection(ProjectConfigurationPlatforms) = postSolution
		{631A6789-717E-4691-9EE6-BAFAE6DA1118}.Debug|Any CPU.ActiveCfg = Debug|Any CPU
		{631A6789-717E-4691-9EE6-BAFAE6DA1118}.Debug|Any CPU.Build.0 = Debug|Any CPU
		{631A6789-717E-4691-9EE6-BAFAE6DA1118}.Release|Any CPU.ActiveCfg = Release|Any CPU
		{631A6789-717E-4691-9EE6-BAFAE6DA1118}.Release|Any CPU.Build.0 = Release|Any CPU
	EndGlobalSection
	GlobalSection(SolutionProperties) = preSolution
		HideSolutionNode = FALSE
	EndGlobalSection
	GlobalSection(ExtensibilityGlobals) = postSolution
		SolutionGuid = {85764897-6AF2-4080-B5D9-3876F01DA2EE}
	EndGlobalSection
EndGlobal
